{
  "version": 4,
  "terraform_version": "1.6.1",
  "serial": 12,
  "lineage": "86afd7b4-6d37-4f00-e78c-b1222180a858",
  "outputs": {},
  "resources": [
    {
      "mode": "data",
      "type": "azurerm_resource_group",
      "name": "T-cloud-3",
      "provider": "provider[\"registry.terraform.io/hashicorp/azurerm\"]",
      "instances": [
        {
          "schema_version": 0,
          "attributes": {
            "id": "/subscriptions/7d107c3a-8cb7-42a7-9ddb-25f365ae19e2/resourceGroups/T-cloud-3",
            "location": "eastus",
            "managed_by": "",
            "name": "T-cloud-3",
            "tags": {},
            "timeouts": null
          },
          "sensitive_attributes": []
        }
      ]
    },
    {
      "mode": "managed",
      "type": "azapi_update_resource",
      "name": "update_linux_web_app",
      "provider": "provider[\"registry.terraform.io/azure/azapi\"]",
      "instances": [
        {
          "schema_version": 0,
          "attributes": {
            "body": "{\"properties\":{\"siteConfig\":{\"linuxFxVersion\":\"COMPOSE|dmVyc2lvbjogIjMiCnNlcnZpY2VzOgogIGRiOgogICAgaW1hZ2U6IGlzc2Fkb2NrZXIxMjMvZG9ja2VyLXBvcGV5ZS1kYjpsYXRlc3QKICAgIHJlc3RhcnQ6IGFsd2F5cwogICAgbmV0d29ya3M6CiAgICAgIC0gcmVzdWx0LXRpZXIKICAgICAgLSBiYWNrLXRpZXIKICAgIGVudmlyb25tZW50OgogICAgICAtIFBPU1RHUkVTX1BBU1NXT1JEPXBhc3N3b3JkCgogIHJlZGlzOgogICAgaW1hZ2U6IHJlZGlzCiAgICByZXN0YXJ0OiBhbHdheXMKICAgIGV4cG9zZToKICAgICAgLSA2Mzc5CiAgICBwb3J0czoKICAgICAgLSAiNjM3OTo2Mzc5IgogICAgbmV0d29ya3M6CiAgICAgIC0gcG9sbC10aWVyCiAgICAgIC0gYmFjay10aWVyCgogIHBvbGw6CiAgICBpbWFnZTogaXNzYWRvY2tlcjEyMy9kb2NrZXItcG9wZXllLXBvbGw6bGF0ZXN0CiAgICByZXN0YXJ0OiBhbHdheXMKICAgIGxpbmtzOgogICAgICAtIHJlZGlzCiAgICAgIC0gZGIKICAgIGRlcGVuZHNfb246CiAgICAgIC0gcmVkaXMKICAgIHBvcnRzOgogICAgICAtICI1MDAwOjgwIgogICAgbmV0d29ya3M6CiAgICAgIC0gcG9sbC10aWVyCiAgICBlbnZpcm9ubWVudDoKICAgICAgLSBGTEFTS19BUFA9YXBwLnB5CgogIHdvcmtlcjoKICAgIGltYWdlOiBpc3NhZG9ja2VyMTIzL2RvY2tlci1wb3BleWUtd29ya2VyOmxhdGVzdAogICAgcmVzdGFydDogYWx3YXlzCiAgICBuZXR3b3JrczoKICAgICAgLSBiYWNrLXRpZXIKICAgIGVudmlyb25tZW50OgogICAgICAtIFJFRElTX0hPU1ROQU1FPXJlZGlzCiAgICAgIC0gREJfSE9TVE5BTUU9ZGIKICAgIGRlcGVuZHNfb246CiAgICAgIC0gZGIKICAgICAgLSByZWRpcwoKICByZXN1bHQ6CiAgICBpbWFnZTogaXNzYWRvY2tlcjEyMy9kb2NrZXItcG9wZXllLXJlc3VsdDpsYXRlc3QKICAgIHJlc3RhcnQ6IGFsd2F5cwogICAgcG9ydHM6CiAgICAgIC0gIjQ0Mzo0NDMiCiAgICBuZXR3b3JrczoKICAgICAgLSByZXN1bHQtdGllcgogICAgZW52aXJvbm1lbnQ6CiAgICAgIC0gUE9SVF9SRVNVTFQ9NDQzCiAgICAgIC0gREJfSE9TVE5BTUVfUkVTVUxUPWRiCiAgICBkZXBlbmRzX29uOgogICAgICAtIGRiCgp2b2x1bWVzOgogIGRiLWRhdGE6CgpuZXR3b3JrczoKICBwb2xsLXRpZXI6CiAgcmVzdWx0LXRpZXI6CiAgYmFjay10aWVyOgo=\"}}}",
            "id": "/subscriptions/7d107c3a-8cb7-42a7-9ddb-25f365ae19e2/resourceGroups/T-cloud-3/providers/Microsoft.Web/sites/docker-popeye-app-terraform",
            "ignore_body_changes": null,
            "ignore_casing": false,
            "ignore_missing_property": true,
            "locks": null,
            "name": "docker-popeye-app-terraform",
            "output": "{}",
            "parent_id": "/subscriptions/7d107c3a-8cb7-42a7-9ddb-25f365ae19e2/resourceGroups/T-cloud-3",
            "resource_id": "/subscriptions/7d107c3a-8cb7-42a7-9ddb-25f365ae19e2/resourceGroups/T-cloud-3/providers/Microsoft.Web/sites/docker-popeye-app-terraform",
            "response_export_values": null,
            "timeouts": null,
            "type": "Microsoft.Web/sites@2022-03-01"
          },
          "sensitive_attributes": [],
          "private": "eyJlMmJmYjczMC1lY2FhLTExZTYtOGY4OC0zNDM2M2JjN2M0YzAiOnsiY3JlYXRlIjoxODAwMDAwMDAwMDAwLCJkZWxldGUiOjE4MDAwMDAwMDAwMDAsInJlYWQiOjMwMDAwMDAwMDAwMCwidXBkYXRlIjoxODAwMDAwMDAwMDAwfX0=",
          "dependencies": [
            "azurerm_linux_web_app.docker-popeye-app-terraform",
            "azurerm_service_plan.this"
          ]
        }
      ]
    },
    {
      "mode": "managed",
      "type": "azurerm_linux_web_app",
      "name": "docker-popeye-app-terraform",
      "provider": "provider[\"registry.terraform.io/hashicorp/azurerm\"]",
      "instances": [
        {
          "schema_version": 0,
          "attributes": {
            "app_settings": null,
            "auth_settings": [],
            "auth_settings_v2": [],
            "backup": [],
            "client_affinity_enabled": false,
            "client_certificate_enabled": false,
            "client_certificate_exclusion_paths": "",
            "client_certificate_mode": "Required",
            "connection_string": [],
            "custom_domain_verification_id": "F337C9979AA041C35AE199011286AA7CE11682EC87649CD08783FD2DF6143F30",
            "default_hostname": "docker-popeye-app-terraform.azurewebsites.net",
            "enabled": true,
            "hosting_environment_id": "",
            "https_only": false,
            "id": "/subscriptions/7d107c3a-8cb7-42a7-9ddb-25f365ae19e2/resourceGroups/T-cloud-3/providers/Microsoft.Web/sites/docker-popeye-app-terraform",
            "identity": [],
            "key_vault_reference_identity_id": "SystemAssigned",
            "kind": "app,linux",
            "location": "westeurope",
            "logs": [
              {
                "application_logs": [
                  {
                    "azure_blob_storage": [],
                    "file_system_level": "Error"
                  }
                ],
                "detailed_error_messages": false,
                "failed_request_tracing": false,
                "http_logs": [
                  {
                    "azure_blob_storage": [],
                    "file_system": [
                      {
                        "retention_in_days": 7,
                        "retention_in_mb": 100
                      }
                    ]
                  }
                ]
              }
            ],
            "name": "docker-popeye-app-terraform",
            "outbound_ip_address_list": [
              "20.31.95.211",
              "20.238.136.106",
              "20.238.136.237",
              "20.8.50.219",
              "20.8.51.116",
              "20.8.52.70",
              "20.76.185.156",
              "20.76.187.228",
              "20.93.208.207",
              "20.93.210.67",
              "20.93.211.114",
              "20.93.211.249",
              "20.105.216.39"
            ],
            "outbound_ip_addresses": "20.31.95.211,20.238.136.106,20.238.136.237,20.8.50.219,20.8.51.116,20.8.52.70,20.76.185.156,20.76.187.228,20.93.208.207,20.93.210.67,20.93.211.114,20.93.211.249,20.105.216.39",
            "possible_outbound_ip_address_list": [
              "20.31.95.211",
              "20.238.136.106",
              "20.238.136.237",
              "20.8.50.219",
              "20.8.51.116",
              "20.8.52.70",
              "20.76.185.156",
              "20.76.187.228",
              "20.93.208.207",
              "20.93.210.67",
              "20.93.211.114",
              "20.93.211.249",
              "20.103.161.67",
              "20.103.162.190",
              "20.103.163.117",
              "20.103.165.22",
              "20.103.166.176",
              "20.126.168.96",
              "20.126.170.52",
              "20.126.171.1",
              "20.126.171.9",
              "20.126.173.78",
              "20.31.88.101",
              "20.31.92.162",
              "20.31.95.211",
              "20.238.136.106",
              "20.238.136.237",
              "20.8.50.219",
              "20.8.51.116",
              "20.8.52.70",
              "20.8.54.18",
              "4.175.160.191",
              "4.175.161.56",
              "4.175.161.185",
              "4.175.161.204",
              "4.175.161.220",
              "20.105.216.39"
            ],
            "possible_outbound_ip_addresses": "20.31.95.211,20.238.136.106,20.238.136.237,20.8.50.219,20.8.51.116,20.8.52.70,20.76.185.156,20.76.187.228,20.93.208.207,20.93.210.67,20.93.211.114,20.93.211.249,20.103.161.67,20.103.162.190,20.103.163.117,20.103.165.22,20.103.166.176,20.126.168.96,20.126.170.52,20.126.171.1,20.126.171.9,20.126.173.78,20.31.88.101,20.31.92.162,20.31.95.211,20.238.136.106,20.238.136.237,20.8.50.219,20.8.51.116,20.8.52.70,20.8.54.18,4.175.160.191,4.175.161.56,4.175.161.185,4.175.161.204,4.175.161.220,20.105.216.39",
            "public_network_access_enabled": true,
            "resource_group_name": "T-cloud-3",
            "service_plan_id": "/subscriptions/7d107c3a-8cb7-42a7-9ddb-25f365ae19e2/resourceGroups/T-cloud-3/providers/Microsoft.Web/serverfarms/docker-popeye-asp",
            "site_config": [
              {
                "always_on": false,
                "api_definition_url": "",
                "api_management_api_id": "",
                "app_command_line": "",
                "application_stack": [
                  {
                    "docker_image": "",
                    "docker_image_name": "",
                    "docker_image_tag": "",
                    "docker_registry_password": "",
                    "docker_registry_url": "",
                    "docker_registry_username": "",
                    "dotnet_version": "",
                    "go_version": "",
                    "java_server": "",
                    "java_server_version": "",
                    "java_version": "",
                    "node_version": "",
                    "php_version": "",
                    "python_version": "",
                    "ruby_version": ""
                  }
                ],
                "auto_heal_enabled": false,
                "auto_heal_setting": [],
                "container_registry_managed_identity_client_id": "",
                "container_registry_use_managed_identity": false,
                "cors": [],
                "default_documents": [
                  "Default.htm",
                  "Default.html",
                  "Default.asp",
                  "index.htm",
                  "index.html",
                  "iisstart.htm",
                  "default.aspx",
                  "index.php",
                  "hostingstart.html"
                ],
                "detailed_error_logging_enabled": false,
                "ftps_state": "Disabled",
                "health_check_eviction_time_in_min": 0,
                "health_check_path": "",
                "http2_enabled": false,
                "ip_restriction": [],
                "linux_fx_version": "",
                "load_balancing_mode": "LeastRequests",
                "local_mysql_enabled": false,
                "managed_pipeline_mode": "Integrated",
                "minimum_tls_version": "1.2",
                "remote_debugging_enabled": false,
                "remote_debugging_version": "VS2019",
                "scm_ip_restriction": [],
                "scm_minimum_tls_version": "1.2",
                "scm_type": "None",
                "scm_use_main_ip_restriction": false,
                "use_32_bit_worker": true,
                "vnet_route_all_enabled": false,
                "websockets_enabled": false,
                "worker_count": 1
              }
            ],
            "site_credential": [
              {
                "name": "$docker-popeye-app-terraform",
                "password": "YQyZpMdXaZ05E2ctf1lzxb0E50bm9ip1BdHrCYf5xlRy3Y1EuqxK90hSNSle"
              }
            ],
            "sticky_settings": [],
            "storage_account": [],
            "tags": null,
            "timeouts": null,
            "virtual_network_subnet_id": "",
            "zip_deploy_file": ""
          },
          "sensitive_attributes": [],
          "private": "eyJlMmJmYjczMC1lY2FhLTExZTYtOGY4OC0zNDM2M2JjN2M0YzAiOnsiY3JlYXRlIjoxODAwMDAwMDAwMDAwLCJkZWxldGUiOjE4MDAwMDAwMDAwMDAsInJlYWQiOjMwMDAwMDAwMDAwMCwidXBkYXRlIjoxODAwMDAwMDAwMDAwfX0=",
          "dependencies": [
            "azurerm_service_plan.this"
          ]
        }
      ]
    },
    {
      "mode": "managed",
      "type": "azurerm_monitor_action_group",
      "name": "email_action_group",
      "provider": "provider[\"registry.terraform.io/hashicorp/azurerm\"]",
      "instances": [
        {
          "schema_version": 1,
          "attributes": {
            "arm_role_receiver": [],
            "automation_runbook_receiver": [],
            "azure_app_push_receiver": [],
            "azure_function_receiver": [],
            "email_receiver": [
              {
                "email_address": "issa.sacko1@gmail.com",
                "name": "email-receiver",
                "use_common_alert_schema": false
              }
            ],
            "enabled": true,
            "event_hub_receiver": [],
            "id": "/subscriptions/7d107c3a-8cb7-42a7-9ddb-25f365ae19e2/resourceGroups/T-cloud-3/providers/Microsoft.Insights/actionGroups/email-action-group",
            "itsm_receiver": [],
            "location": "global",
            "logic_app_receiver": [],
            "name": "email-action-group",
            "resource_group_name": "T-cloud-3",
            "short_name": "exampleact",
            "sms_receiver": [],
            "tags": null,
            "timeouts": null,
            "voice_receiver": [],
            "webhook_receiver": []
          },
          "sensitive_attributes": [],
          "private": "eyJlMmJmYjczMC1lY2FhLTExZTYtOGY4OC0zNDM2M2JjN2M0YzAiOnsiY3JlYXRlIjoxODAwMDAwMDAwMDAwLCJkZWxldGUiOjE4MDAwMDAwMDAwMDAsInJlYWQiOjMwMDAwMDAwMDAwMCwidXBkYXRlIjoxODAwMDAwMDAwMDAwfSwic2NoZW1hX3ZlcnNpb24iOiIxIn0="
        }
      ]
    },
    {
      "mode": "managed",
      "type": "azurerm_monitor_metric_alert",
      "name": "http_response_rate_alert",
      "provider": "provider[\"registry.terraform.io/hashicorp/azurerm\"]",
      "instances": [
        {
          "schema_version": 1,
          "attributes": {
            "action": [
              {
                "action_group_id": "/subscriptions/7d107c3a-8cb7-42a7-9ddb-25f365ae19e2/resourceGroups/T-cloud-3/providers/Microsoft.Insights/actionGroups/email-action-group",
                "webhook_properties": null
              }
            ],
            "application_insights_web_test_location_availability_criteria": [],
            "auto_mitigate": true,
            "criteria": [
              {
                "aggregation": "Total",
                "dimension": [],
                "metric_name": "Requests",
                "metric_namespace": "Microsoft.Web/sites",
                "operator": "GreaterThan",
                "skip_metric_validation": false,
                "threshold": 1000
              }
            ],
            "description": "",
            "dynamic_criteria": [],
            "enabled": true,
            "frequency": "PT1M",
            "id": "/subscriptions/7d107c3a-8cb7-42a7-9ddb-25f365ae19e2/resourceGroups/T-cloud-3/providers/Microsoft.Insights/metricAlerts/http-response-rate-alert",
            "name": "http-response-rate-alert",
            "resource_group_name": "T-cloud-3",
            "scopes": [
              "/subscriptions/7d107c3a-8cb7-42a7-9ddb-25f365ae19e2/resourceGroups/T-cloud-3/providers/Microsoft.Web/sites/docker-popeye-app-terraform"
            ],
            "severity": 3,
            "tags": null,
            "target_resource_location": "",
            "target_resource_type": "",
            "timeouts": null,
            "window_size": "PT5M"
          },
          "sensitive_attributes": [],
          "private": "eyJlMmJmYjczMC1lY2FhLTExZTYtOGY4OC0zNDM2M2JjN2M0YzAiOnsiY3JlYXRlIjoxODAwMDAwMDAwMDAwLCJkZWxldGUiOjE4MDAwMDAwMDAwMDAsInJlYWQiOjMwMDAwMDAwMDAwMCwidXBkYXRlIjoxODAwMDAwMDAwMDAwfSwic2NoZW1hX3ZlcnNpb24iOiIxIn0=",
          "dependencies": [
            "azurerm_linux_web_app.docker-popeye-app-terraform",
            "azurerm_monitor_action_group.email_action_group",
            "azurerm_service_plan.this"
          ]
        }
      ]
    },
    {
      "mode": "managed",
      "type": "azurerm_monitor_metric_alert",
      "name": "http_response_time_alert",
      "provider": "provider[\"registry.terraform.io/hashicorp/azurerm\"]",
      "instances": [
        {
          "schema_version": 1,
          "attributes": {
            "action": [
              {
                "action_group_id": "/subscriptions/7d107c3a-8cb7-42a7-9ddb-25f365ae19e2/resourceGroups/T-cloud-3/providers/Microsoft.Insights/actionGroups/email-action-group",
                "webhook_properties": null
              }
            ],
            "application_insights_web_test_location_availability_criteria": [],
            "auto_mitigate": true,
            "criteria": [
              {
                "aggregation": "Average",
                "dimension": [],
                "metric_name": "AverageResponseTime",
                "metric_namespace": "Microsoft.Web/sites",
                "operator": "GreaterThan",
                "skip_metric_validation": false,
                "threshold": 1000
              }
            ],
            "description": "",
            "dynamic_criteria": [],
            "enabled": true,
            "frequency": "PT1M",
            "id": "/subscriptions/7d107c3a-8cb7-42a7-9ddb-25f365ae19e2/resourceGroups/T-cloud-3/providers/Microsoft.Insights/metricAlerts/response-time-alert",
            "name": "response-time-alert",
            "resource_group_name": "T-cloud-3",
            "scopes": [
              "/subscriptions/7d107c3a-8cb7-42a7-9ddb-25f365ae19e2/resourceGroups/T-cloud-3/providers/Microsoft.Web/sites/docker-popeye-app-terraform"
            ],
            "severity": 3,
            "tags": null,
            "target_resource_location": "",
            "target_resource_type": "",
            "timeouts": null,
            "window_size": "PT5M"
          },
          "sensitive_attributes": [],
          "private": "eyJlMmJmYjczMC1lY2FhLTExZTYtOGY4OC0zNDM2M2JjN2M0YzAiOnsiY3JlYXRlIjoxODAwMDAwMDAwMDAwLCJkZWxldGUiOjE4MDAwMDAwMDAwMDAsInJlYWQiOjMwMDAwMDAwMDAwMCwidXBkYXRlIjoxODAwMDAwMDAwMDAwfSwic2NoZW1hX3ZlcnNpb24iOiIxIn0=",
          "dependencies": [
            "azurerm_linux_web_app.docker-popeye-app-terraform",
            "azurerm_monitor_action_group.email_action_group",
            "azurerm_service_plan.this"
          ]
        }
      ]
    },
    {
      "mode": "managed",
      "type": "azurerm_service_plan",
      "name": "this",
      "provider": "provider[\"registry.terraform.io/hashicorp/azurerm\"]",
      "instances": [
        {
          "schema_version": 0,
          "attributes": {
            "app_service_environment_id": "",
            "id": "/subscriptions/7d107c3a-8cb7-42a7-9ddb-25f365ae19e2/resourceGroups/T-cloud-3/providers/Microsoft.Web/serverfarms/docker-popeye-asp",
            "kind": "linux",
            "location": "westeurope",
            "maximum_elastic_worker_count": 1,
            "name": "docker-popeye-asp",
            "os_type": "Linux",
            "per_site_scaling_enabled": false,
            "reserved": true,
            "resource_group_name": "T-cloud-3",
            "sku_name": "F1",
            "tags": {
              "deploymentMethod": "terraform"
            },
            "timeouts": null,
            "worker_count": 1,
            "zone_balancing_enabled": false
          },
          "sensitive_attributes": [],
          "private": "eyJlMmJmYjczMC1lY2FhLTExZTYtOGY4OC0zNDM2M2JjN2M0YzAiOnsiY3JlYXRlIjozNjAwMDAwMDAwMDAwLCJkZWxldGUiOjM2MDAwMDAwMDAwMDAsInJlYWQiOjMwMDAwMDAwMDAwMCwidXBkYXRlIjozNjAwMDAwMDAwMDAwfX0="
        }
      ]
    }
  ],
  "check_results": null
}
