{
  "version": 4,
  "terraform_version": "1.6.1",
  "serial": 26,
  "lineage": "4343e5f4-aace-ac3f-f724-466b11dcde7c",
  "outputs": {},
  "resources": [
    {
      "module": "module.alert",
      "mode": "managed",
      "type": "azurerm_monitor_action_group",
      "name": "email_action_group",
      "provider": "provider[\"registry.terraform.io/hashicorp/azurerm\"]",
      "instances": [
        {
          "schema_version": 1,
          "attributes": {
            "arm_role_receiver": [],
            "automation_runbook_receiver": [],
            "azure_app_push_receiver": [],
            "azure_function_receiver": [],
            "email_receiver": [
              {
                "email_address": "issa.sacko1@gmail.com",
                "name": "email-receiver",
                "use_common_alert_schema": false
              }
            ],
            "enabled": true,
            "event_hub_receiver": [],
            "id": "/subscriptions/7d107c3a-8cb7-42a7-9ddb-25f365ae19e2/resourceGroups/T-cloud-3/providers/Microsoft.Insights/actionGroups/email-action-group",
            "itsm_receiver": [],
            "location": "global",
            "logic_app_receiver": [],
            "name": "email-action-group",
            "resource_group_name": "T-cloud-3",
            "short_name": "exampleact",
            "sms_receiver": [],
            "tags": null,
            "timeouts": null,
            "voice_receiver": [],
            "webhook_receiver": []
          },
          "sensitive_attributes": [],
          "private": "eyJlMmJmYjczMC1lY2FhLTExZTYtOGY4OC0zNDM2M2JjN2M0YzAiOnsiY3JlYXRlIjoxODAwMDAwMDAwMDAwLCJkZWxldGUiOjE4MDAwMDAwMDAwMDAsInJlYWQiOjMwMDAwMDAwMDAwMCwidXBkYXRlIjoxODAwMDAwMDAwMDAwfSwic2NoZW1hX3ZlcnNpb24iOiIxIn0="
        }
      ]
    },
    {
      "module": "module.log_analytics",
      "mode": "managed",
      "type": "azurerm_log_analytics_workspace",
      "name": "example",
      "provider": "provider[\"registry.terraform.io/hashicorp/azurerm\"]",
      "instances": [
        {
          "schema_version": 3,
          "attributes": {
            "allow_resource_only_permissions": true,
            "cmk_for_query_forced": false,
            "daily_quota_gb": -1,
            "data_collection_rule_id": "",
            "id": "/subscriptions/7d107c3a-8cb7-42a7-9ddb-25f365ae19e2/resourceGroups/T-cloud-3/providers/Microsoft.OperationalInsights/workspaces/example-log-analytics-workspace",
            "internet_ingestion_enabled": true,
            "internet_query_enabled": true,
            "local_authentication_disabled": false,
            "location": "westeurope",
            "name": "example-log-analytics-workspace",
            "primary_shared_key": "VScgXxx0424hds0eRJx6TlvuMiBLL7RHmpYITxwKHOGRlit9eNrvVds+Z2D/SkM/7Gu8VOvTDp2UTMu441EzQw==",
            "reservation_capacity_in_gb_per_day": null,
            "resource_group_name": "T-cloud-3",
            "retention_in_days": 30,
            "secondary_shared_key": "ELf9HY6CJOfEV/6yCztMWLbuiOeKn9ACmBhKMtSa9hNmdBkn2+ylJUGNRscPghCt8cVF1isL1RE8twH/jChyxQ==",
            "sku": "PerGB2018",
            "tags": {},
            "timeouts": null,
            "workspace_id": "08051973-58a8-4c6a-a4dd-9012fcec2984"
          },
          "sensitive_attributes": [],
          "private": "eyJlMmJmYjczMC1lY2FhLTExZTYtOGY4OC0zNDM2M2JjN2M0YzAiOnsiY3JlYXRlIjoxODAwMDAwMDAwMDAwLCJkZWxldGUiOjE4MDAwMDAwMDAwMDAsInJlYWQiOjMwMDAwMDAwMDAwMCwidXBkYXRlIjoxODAwMDAwMDAwMDAwfSwic2NoZW1hX3ZlcnNpb24iOiIzIn0="
        }
      ]
    },
    {
      "module": "module.log_analytics.module.web_app",
      "mode": "managed",
      "type": "azapi_update_resource",
      "name": "update_linux_web_app",
      "provider": "provider[\"registry.terraform.io/azure/azapi\"]",
      "instances": [
        {
          "schema_version": 0,
          "attributes": {
            "body": "{\"properties\":{\"siteConfig\":{\"linuxFxVersion\":\"COMPOSE|dmVyc2lvbjogIjMiCnNlcnZpY2VzOgogIGRiOgogICAgaW1hZ2U6IGlzc2Fkb2NrZXIxMjMvZG9ja2VyLXBvcGV5ZS1kYjpsYXRlc3QKICAgIHJlc3RhcnQ6IGFsd2F5cwogICAgbmV0d29ya3M6CiAgICAgIC0gcmVzdWx0LXRpZXIKICAgICAgLSBiYWNrLXRpZXIKICAgIGVudmlyb25tZW50OgogICAgICAtIFBPU1RHUkVTX1BBU1NXT1JEPXBhc3N3b3JkCgogIHJlZGlzOgogICAgaW1hZ2U6IHJlZGlzCiAgICByZXN0YXJ0OiBhbHdheXMKICAgIGV4cG9zZToKICAgICAgLSA2Mzc5CiAgICBwb3J0czoKICAgICAgLSAiNjM3OTo2Mzc5IgogICAgbmV0d29ya3M6CiAgICAgIC0gcG9sbC10aWVyCiAgICAgIC0gYmFjay10aWVyCgogIHBvbGw6CiAgICBpbWFnZTogaXNzYWRvY2tlcjEyMy9kb2NrZXItcG9wZXllLXBvbGw6bGF0ZXN0CiAgICByZXN0YXJ0OiBhbHdheXMKICAgIGxpbmtzOgogICAgICAtIHJlZGlzCiAgICAgIC0gZGIKICAgIGRlcGVuZHNfb246CiAgICAgIC0gcmVkaXMKICAgIHBvcnRzOgogICAgICAtICI1MDAwOjgwIgogICAgbmV0d29ya3M6CiAgICAgIC0gcG9sbC10aWVyCiAgICBlbnZpcm9ubWVudDoKICAgICAgLSBGTEFTS19BUFA9YXBwLnB5CgogIHdvcmtlcjoKICAgIGltYWdlOiBpc3NhZG9ja2VyMTIzL2RvY2tlci1wb3BleWUtd29ya2VyOmxhdGVzdAogICAgcmVzdGFydDogYWx3YXlzCiAgICBuZXR3b3JrczoKICAgICAgLSBiYWNrLXRpZXIKICAgIGVudmlyb25tZW50OgogICAgICAtIFJFRElTX0hPU1ROQU1FPXJlZGlzCiAgICAgIC0gREJfSE9TVE5BTUU9ZGIKICAgIGRlcGVuZHNfb246CiAgICAgIC0gZGIKICAgICAgLSByZWRpcwoKICByZXN1bHQ6CiAgICBpbWFnZTogaXNzYWRvY2tlcjEyMy9kb2NrZXItcG9wZXllLXJlc3VsdDpsYXRlc3QKICAgIHJlc3RhcnQ6IGFsd2F5cwogICAgcG9ydHM6CiAgICAgIC0gIjQ0Mzo0NDMiCiAgICBuZXR3b3JrczoKICAgICAgLSByZXN1bHQtdGllcgogICAgZW52aXJvbm1lbnQ6CiAgICAgIC0gUE9SVF9SRVNVTFQ9NDQzCiAgICAgIC0gREJfSE9TVE5BTUVfUkVTVUxUPWRiCiAgICBkZXBlbmRzX29uOgogICAgICAtIGRiCgp2b2x1bWVzOgogIGRiLWRhdGE6CgpuZXR3b3JrczoKICBwb2xsLXRpZXI6CiAgcmVzdWx0LXRpZXI6CiAgYmFjay10aWVyOgo=\"}}}",
            "id": "/subscriptions/7d107c3a-8cb7-42a7-9ddb-25f365ae19e2/resourceGroups/T-cloud-3/providers/Microsoft.Web/sites/docker-popeye-app-production",
            "ignore_body_changes": null,
            "ignore_casing": false,
            "ignore_missing_property": true,
            "locks": null,
            "name": "docker-popeye-app-production",
            "output": "{}",
            "parent_id": "/subscriptions/7d107c3a-8cb7-42a7-9ddb-25f365ae19e2/resourceGroups/T-cloud-3",
            "resource_id": "/subscriptions/7d107c3a-8cb7-42a7-9ddb-25f365ae19e2/resourceGroups/T-cloud-3/providers/Microsoft.Web/sites/docker-popeye-app-production",
            "response_export_values": null,
            "timeouts": null,
            "type": "Microsoft.Web/sites@2022-03-01"
          },
          "sensitive_attributes": [],
          "private": "eyJlMmJmYjczMC1lY2FhLTExZTYtOGY4OC0zNDM2M2JjN2M0YzAiOnsiY3JlYXRlIjoxODAwMDAwMDAwMDAwLCJkZWxldGUiOjE4MDAwMDAwMDAwMDAsInJlYWQiOjMwMDAwMDAwMDAwMCwidXBkYXRlIjoxODAwMDAwMDAwMDAwfX0=",
          "dependencies": [
            "module.log_analytics.module.web_app.azurerm_linux_web_app.docker-popeye-app-production",
            "module.log_analytics.module.web_app.module.service_plan.azurerm_service_plan.this"
          ]
        }
      ]
    },
    {
      "module": "module.log_analytics.module.web_app",
      "mode": "managed",
      "type": "azurerm_linux_web_app",
      "name": "docker-popeye-app-production",
      "provider": "provider[\"registry.terraform.io/hashicorp/azurerm\"]",
      "instances": [
        {
          "schema_version": 0,
          "attributes": {
            "app_settings": null,
            "auth_settings": [],
            "auth_settings_v2": [],
            "backup": [],
            "client_affinity_enabled": false,
            "client_certificate_enabled": false,
            "client_certificate_exclusion_paths": "",
            "client_certificate_mode": "Required",
            "connection_string": [],
            "custom_domain_verification_id": "F337C9979AA041C35AE199011286AA7CE11682EC87649CD08783FD2DF6143F30",
            "default_hostname": "docker-popeye-app-production.azurewebsites.net",
            "enabled": true,
            "hosting_environment_id": "",
            "https_only": false,
            "id": "/subscriptions/7d107c3a-8cb7-42a7-9ddb-25f365ae19e2/resourceGroups/T-cloud-3/providers/Microsoft.Web/sites/docker-popeye-app-production",
            "identity": [],
            "key_vault_reference_identity_id": "SystemAssigned",
            "kind": "app,linux",
            "location": "westeurope",
            "logs": [
              {
                "application_logs": [
                  {
                    "azure_blob_storage": [],
                    "file_system_level": "Error"
                  }
                ],
                "detailed_error_messages": false,
                "failed_request_tracing": false,
                "http_logs": [
                  {
                    "azure_blob_storage": [],
                    "file_system": [
                      {
                        "retention_in_days": 7,
                        "retention_in_mb": 100
                      }
                    ]
                  }
                ]
              }
            ],
            "name": "docker-popeye-app-production",
            "outbound_ip_address_list": [
              "20.73.205.48",
              "20.73.205.98",
              "20.73.205.251",
              "20.73.206.81",
              "20.73.207.10",
              "20.73.207.102",
              "20.73.135.74",
              "20.73.135.154",
              "20.73.135.236",
              "20.73.200.35",
              "20.73.200.86",
              "20.73.200.135",
              "20.105.232.40"
            ],
            "outbound_ip_addresses": "20.73.205.48,20.73.205.98,20.73.205.251,20.73.206.81,20.73.207.10,20.73.207.102,20.73.135.74,20.73.135.154,20.73.135.236,20.73.200.35,20.73.200.86,20.73.200.135,20.105.232.40",
            "possible_outbound_ip_address_list": [
              "20.73.205.48",
              "20.73.205.98",
              "20.73.205.251",
              "20.73.206.81",
              "20.73.207.10",
              "20.73.207.102",
              "20.73.135.74",
              "20.73.135.154",
              "20.73.135.236",
              "20.73.200.35",
              "20.73.200.86",
              "20.73.200.135",
              "20.73.201.16",
              "20.73.201.42",
              "20.73.201.90",
              "20.73.202.28",
              "20.73.202.102",
              "20.73.202.135",
              "20.73.203.36",
              "20.73.203.124",
              "20.73.203.177",
              "20.73.203.181",
              "20.73.204.95",
              "20.73.205.32",
              "20.73.205.48",
              "20.73.205.98",
              "20.73.205.251",
              "20.73.206.81",
              "20.73.207.10",
              "20.73.207.102",
              "20.73.207.210",
              "20.76.24.56",
              "20.76.24.227",
              "20.76.25.1",
              "20.76.25.87",
              "20.76.25.193",
              "20.105.232.40"
            ],
            "possible_outbound_ip_addresses": "20.73.205.48,20.73.205.98,20.73.205.251,20.73.206.81,20.73.207.10,20.73.207.102,20.73.135.74,20.73.135.154,20.73.135.236,20.73.200.35,20.73.200.86,20.73.200.135,20.73.201.16,20.73.201.42,20.73.201.90,20.73.202.28,20.73.202.102,20.73.202.135,20.73.203.36,20.73.203.124,20.73.203.177,20.73.203.181,20.73.204.95,20.73.205.32,20.73.205.48,20.73.205.98,20.73.205.251,20.73.206.81,20.73.207.10,20.73.207.102,20.73.207.210,20.76.24.56,20.76.24.227,20.76.25.1,20.76.25.87,20.76.25.193,20.105.232.40",
            "public_network_access_enabled": true,
            "resource_group_name": "T-cloud-3",
            "service_plan_id": "/subscriptions/7d107c3a-8cb7-42a7-9ddb-25f365ae19e2/resourceGroups/T-cloud-3/providers/Microsoft.Web/serverfarms/docker-popeye-asp-production",
            "site_config": [
              {
                "always_on": false,
                "api_definition_url": "",
                "api_management_api_id": "",
                "app_command_line": "",
                "application_stack": [
                  {
                    "docker_image": "",
                    "docker_image_name": "",
                    "docker_image_tag": "",
                    "docker_registry_password": "",
                    "docker_registry_url": "",
                    "docker_registry_username": "",
                    "dotnet_version": "",
                    "go_version": "",
                    "java_server": "",
                    "java_server_version": "",
                    "java_version": "",
                    "node_version": "",
                    "php_version": "",
                    "python_version": "",
                    "ruby_version": ""
                  }
                ],
                "auto_heal_enabled": false,
                "auto_heal_setting": [],
                "container_registry_managed_identity_client_id": "",
                "container_registry_use_managed_identity": false,
                "cors": [],
                "default_documents": [
                  "Default.htm",
                  "Default.html",
                  "Default.asp",
                  "index.htm",
                  "index.html",
                  "iisstart.htm",
                  "default.aspx",
                  "index.php",
                  "hostingstart.html"
                ],
                "detailed_error_logging_enabled": false,
                "ftps_state": "Disabled",
                "health_check_eviction_time_in_min": 0,
                "health_check_path": "",
                "http2_enabled": false,
                "ip_restriction": [],
                "linux_fx_version": "",
                "load_balancing_mode": "LeastRequests",
                "local_mysql_enabled": false,
                "managed_pipeline_mode": "Integrated",
                "minimum_tls_version": "1.2",
                "remote_debugging_enabled": false,
                "remote_debugging_version": "VS2019",
                "scm_ip_restriction": [],
                "scm_minimum_tls_version": "1.2",
                "scm_type": "None",
                "scm_use_main_ip_restriction": false,
                "use_32_bit_worker": true,
                "vnet_route_all_enabled": false,
                "websockets_enabled": false,
                "worker_count": 1
              }
            ],
            "site_credential": [
              {
                "name": "$docker-popeye-app-production",
                "password": "MJTp5uiW7ursAiybxdhSqDuxm3MXzAebMgZKk6kHfyJt7ilhh6k2d45SkYkE"
              }
            ],
            "sticky_settings": [],
            "storage_account": [],
            "tags": null,
            "timeouts": null,
            "virtual_network_subnet_id": "",
            "zip_deploy_file": ""
          },
          "sensitive_attributes": [],
          "private": "eyJlMmJmYjczMC1lY2FhLTExZTYtOGY4OC0zNDM2M2JjN2M0YzAiOnsiY3JlYXRlIjoxODAwMDAwMDAwMDAwLCJkZWxldGUiOjE4MDAwMDAwMDAwMDAsInJlYWQiOjMwMDAwMDAwMDAwMCwidXBkYXRlIjoxODAwMDAwMDAwMDAwfX0=",
          "dependencies": [
            "module.log_analytics.module.web_app.module.service_plan.azurerm_service_plan.this"
          ]
        }
      ]
    },
    {
      "module": "module.log_analytics.module.web_app.module.service_plan",
      "mode": "managed",
      "type": "azurerm_service_plan",
      "name": "this",
      "provider": "provider[\"registry.terraform.io/hashicorp/azurerm\"]",
      "instances": [
        {
          "schema_version": 0,
          "attributes": {
            "app_service_environment_id": "",
            "id": "/subscriptions/7d107c3a-8cb7-42a7-9ddb-25f365ae19e2/resourceGroups/T-cloud-3/providers/Microsoft.Web/serverfarms/docker-popeye-asp-production",
            "kind": "linux",
            "location": "westeurope",
            "maximum_elastic_worker_count": 1,
            "name": "docker-popeye-asp-production",
            "os_type": "Linux",
            "per_site_scaling_enabled": false,
            "reserved": true,
            "resource_group_name": "T-cloud-3",
            "sku_name": "F1",
            "tags": {
              "deploymentMethod": "terraform"
            },
            "timeouts": null,
            "worker_count": 1,
            "zone_balancing_enabled": false
          },
          "sensitive_attributes": [],
          "private": "eyJlMmJmYjczMC1lY2FhLTExZTYtOGY4OC0zNDM2M2JjN2M0YzAiOnsiY3JlYXRlIjozNjAwMDAwMDAwMDAwLCJkZWxldGUiOjM2MDAwMDAwMDAwMDAsInJlYWQiOjMwMDAwMDAwMDAwMCwidXBkYXRlIjozNjAwMDAwMDAwMDAwfX0="
        }
      ]
    },
    {
      "module": "module.service_plan",
      "mode": "managed",
      "type": "azurerm_service_plan",
      "name": "this",
      "provider": "provider[\"registry.terraform.io/hashicorp/azurerm\"]",
      "instances": [
        {
          "schema_version": 0,
          "attributes": {
            "app_service_environment_id": "",
            "id": "/subscriptions/7d107c3a-8cb7-42a7-9ddb-25f365ae19e2/resourceGroups/T-cloud-3/providers/Microsoft.Web/serverfarms/docker-popeye-asp-production",
            "kind": "linux",
            "location": "westeurope",
            "maximum_elastic_worker_count": 1,
            "name": "docker-popeye-asp-production",
            "os_type": "Linux",
            "per_site_scaling_enabled": false,
            "reserved": true,
            "resource_group_name": "T-cloud-3",
            "sku_name": "F1",
            "tags": {
              "deploymentMethod": "terraform"
            },
            "timeouts": null,
            "worker_count": 1,
            "zone_balancing_enabled": false
          },
          "sensitive_attributes": [],
          "private": "eyJlMmJmYjczMC1lY2FhLTExZTYtOGY4OC0zNDM2M2JjN2M0YzAiOnsiY3JlYXRlIjozNjAwMDAwMDAwMDAwLCJkZWxldGUiOjM2MDAwMDAwMDAwMDAsInJlYWQiOjMwMDAwMDAwMDAwMCwidXBkYXRlIjozNjAwMDAwMDAwMDAwfX0="
        }
      ]
    },
    {
      "module": "module.storage_account",
      "mode": "managed",
      "type": "azurerm_storage_account",
      "name": "sadockerpopeye901prod",
      "provider": "provider[\"registry.terraform.io/hashicorp/azurerm\"]",
      "instances": [
        {
          "status": "tainted",
          "schema_version": 4,
          "attributes": {
            "access_tier": "Hot",
            "account_kind": "StorageV2",
            "account_replication_type": "LRS",
            "account_tier": "Standard",
            "allow_nested_items_to_be_public": true,
            "allowed_copy_scope": "",
            "azure_files_authentication": [],
            "blob_properties": [
              {
                "change_feed_enabled": false,
                "change_feed_retention_in_days": 0,
                "container_delete_retention_policy": [],
                "cors_rule": [],
                "default_service_version": "",
                "delete_retention_policy": [],
                "last_access_time_enabled": false,
                "restore_policy": [],
                "versioning_enabled": false
              }
            ],
            "cross_tenant_replication_enabled": true,
            "custom_domain": [],
            "customer_managed_key": [],
            "default_to_oauth_authentication": false,
            "edge_zone": "",
            "enable_https_traffic_only": true,
            "id": "/subscriptions/7d107c3a-8cb7-42a7-9ddb-25f365ae19e2/resourceGroups/T-cloud-3/providers/Microsoft.Storage/storageAccounts/sadockerpopeye901",
            "identity": [],
            "immutability_policy": [],
            "infrastructure_encryption_enabled": false,
            "is_hns_enabled": false,
            "large_file_share_enabled": null,
            "location": "westeurope",
            "min_tls_version": "TLS1_2",
            "name": "sadockerpopeye901",
            "network_rules": [
              {
                "bypass": [
                  "AzureServices"
                ],
                "default_action": "Allow",
                "ip_rules": [],
                "private_link_access": [],
                "virtual_network_subnet_ids": []
              }
            ],
            "nfsv3_enabled": false,
            "primary_access_key": "TBzAx95UT1aOITQJXClrgRTE8LzF5d5okJmTl5ixXS66hpu85P5ySjTmmofmVXsibEjNQDfnaMjv+AStARRzIA==",
            "primary_blob_connection_string": "DefaultEndpointsProtocol=https;BlobEndpoint=https://sadockerpopeye901.blob.core.windows.net/;AccountName=sadockerpopeye901;AccountKey=TBzAx95UT1aOITQJXClrgRTE8LzF5d5okJmTl5ixXS66hpu85P5ySjTmmofmVXsibEjNQDfnaMjv+AStARRzIA==",
            "primary_blob_endpoint": "https://sadockerpopeye901.blob.core.windows.net/",
            "primary_blob_host": "sadockerpopeye901.blob.core.windows.net",
            "primary_connection_string": "DefaultEndpointsProtocol=https;AccountName=sadockerpopeye901;AccountKey=TBzAx95UT1aOITQJXClrgRTE8LzF5d5okJmTl5ixXS66hpu85P5ySjTmmofmVXsibEjNQDfnaMjv+AStARRzIA==;EndpointSuffix=core.windows.net",
            "primary_dfs_endpoint": "https://sadockerpopeye901.dfs.core.windows.net/",
            "primary_dfs_host": "sadockerpopeye901.dfs.core.windows.net",
            "primary_file_endpoint": "https://sadockerpopeye901.file.core.windows.net/",
            "primary_file_host": "sadockerpopeye901.file.core.windows.net",
            "primary_location": "westeurope",
            "primary_queue_endpoint": "https://sadockerpopeye901.queue.core.windows.net/",
            "primary_queue_host": "sadockerpopeye901.queue.core.windows.net",
            "primary_table_endpoint": "https://sadockerpopeye901.table.core.windows.net/",
            "primary_table_host": "sadockerpopeye901.table.core.windows.net",
            "primary_web_endpoint": "https://sadockerpopeye901.z6.web.core.windows.net/",
            "primary_web_host": "sadockerpopeye901.z6.web.core.windows.net",
            "public_network_access_enabled": true,
            "queue_encryption_key_type": "Service",
            "queue_properties": [
              {
                "cors_rule": [],
                "hour_metrics": [
                  {
                    "enabled": true,
                    "include_apis": true,
                    "retention_policy_days": 7,
                    "version": "1.0"
                  }
                ],
                "logging": [
                  {
                    "delete": false,
                    "read": false,
                    "retention_policy_days": 0,
                    "version": "1.0",
                    "write": false
                  }
                ],
                "minute_metrics": [
                  {
                    "enabled": false,
                    "include_apis": false,
                    "retention_policy_days": 0,
                    "version": "1.0"
                  }
                ]
              }
            ],
            "resource_group_name": "T-cloud-3",
            "routing": [],
            "sas_policy": [],
            "secondary_access_key": "CDLf4BGrSK+6Nr8tmbu0kB8JhOM7onNhENc1mhb4L3RFtFowg/QcENGaDABLP4GJpRbdgWavp9/B+AStpWi/yA==",
            "secondary_blob_connection_string": "",
            "secondary_blob_endpoint": null,
            "secondary_blob_host": null,
            "secondary_connection_string": "DefaultEndpointsProtocol=https;AccountName=sadockerpopeye901;AccountKey=CDLf4BGrSK+6Nr8tmbu0kB8JhOM7onNhENc1mhb4L3RFtFowg/QcENGaDABLP4GJpRbdgWavp9/B+AStpWi/yA==;EndpointSuffix=core.windows.net",
            "secondary_dfs_endpoint": null,
            "secondary_dfs_host": null,
            "secondary_file_endpoint": null,
            "secondary_file_host": null,
            "secondary_location": "",
            "secondary_queue_endpoint": null,
            "secondary_queue_host": null,
            "secondary_table_endpoint": null,
            "secondary_table_host": null,
            "secondary_web_endpoint": null,
            "secondary_web_host": null,
            "sftp_enabled": false,
            "share_properties": null,
            "shared_access_key_enabled": true,
            "static_website": [],
            "table_encryption_key_type": "Service",
            "tags": null,
            "timeouts": null
          },
          "sensitive_attributes": [],
          "private": "eyJlMmJmYjczMC1lY2FhLTExZTYtOGY4OC0zNDM2M2JjN2M0YzAiOnsiY3JlYXRlIjozNjAwMDAwMDAwMDAwLCJkZWxldGUiOjM2MDAwMDAwMDAwMDAsInJlYWQiOjMwMDAwMDAwMDAwMCwidXBkYXRlIjozNjAwMDAwMDAwMDAwfSwic2NoZW1hX3ZlcnNpb24iOiI0In0="
        }
      ]
    },
    {
      "module": "module.web_app",
      "mode": "managed",
      "type": "azapi_update_resource",
      "name": "update_linux_web_app",
      "provider": "provider[\"registry.terraform.io/azure/azapi\"]",
      "instances": [
        {
          "schema_version": 0,
          "attributes": {
            "body": "{\"properties\":{\"siteConfig\":{\"linuxFxVersion\":\"COMPOSE|dmVyc2lvbjogIjMiCnNlcnZpY2VzOgogIGRiOgogICAgaW1hZ2U6IGlzc2Fkb2NrZXIxMjMvZG9ja2VyLXBvcGV5ZS1kYjpsYXRlc3QKICAgIHJlc3RhcnQ6IGFsd2F5cwogICAgbmV0d29ya3M6CiAgICAgIC0gcmVzdWx0LXRpZXIKICAgICAgLSBiYWNrLXRpZXIKICAgIGVudmlyb25tZW50OgogICAgICAtIFBPU1RHUkVTX1BBU1NXT1JEPXBhc3N3b3JkCgogIHJlZGlzOgogICAgaW1hZ2U6IHJlZGlzCiAgICByZXN0YXJ0OiBhbHdheXMKICAgIGV4cG9zZToKICAgICAgLSA2Mzc5CiAgICBwb3J0czoKICAgICAgLSAiNjM3OTo2Mzc5IgogICAgbmV0d29ya3M6CiAgICAgIC0gcG9sbC10aWVyCiAgICAgIC0gYmFjay10aWVyCgogIHBvbGw6CiAgICBpbWFnZTogaXNzYWRvY2tlcjEyMy9kb2NrZXItcG9wZXllLXBvbGw6bGF0ZXN0CiAgICByZXN0YXJ0OiBhbHdheXMKICAgIGxpbmtzOgogICAgICAtIHJlZGlzCiAgICAgIC0gZGIKICAgIGRlcGVuZHNfb246CiAgICAgIC0gcmVkaXMKICAgIHBvcnRzOgogICAgICAtICI1MDAwOjgwIgogICAgbmV0d29ya3M6CiAgICAgIC0gcG9sbC10aWVyCiAgICBlbnZpcm9ubWVudDoKICAgICAgLSBGTEFTS19BUFA9YXBwLnB5CgogIHdvcmtlcjoKICAgIGltYWdlOiBpc3NhZG9ja2VyMTIzL2RvY2tlci1wb3BleWUtd29ya2VyOmxhdGVzdAogICAgcmVzdGFydDogYWx3YXlzCiAgICBuZXR3b3JrczoKICAgICAgLSBiYWNrLXRpZXIKICAgIGVudmlyb25tZW50OgogICAgICAtIFJFRElTX0hPU1ROQU1FPXJlZGlzCiAgICAgIC0gREJfSE9TVE5BTUU9ZGIKICAgIGRlcGVuZHNfb246CiAgICAgIC0gZGIKICAgICAgLSByZWRpcwoKICByZXN1bHQ6CiAgICBpbWFnZTogaXNzYWRvY2tlcjEyMy9kb2NrZXItcG9wZXllLXJlc3VsdDpsYXRlc3QKICAgIHJlc3RhcnQ6IGFsd2F5cwogICAgcG9ydHM6CiAgICAgIC0gIjQ0Mzo0NDMiCiAgICBuZXR3b3JrczoKICAgICAgLSByZXN1bHQtdGllcgogICAgZW52aXJvbm1lbnQ6CiAgICAgIC0gUE9SVF9SRVNVTFQ9NDQzCiAgICAgIC0gREJfSE9TVE5BTUVfUkVTVUxUPWRiCiAgICBkZXBlbmRzX29uOgogICAgICAtIGRiCgp2b2x1bWVzOgogIGRiLWRhdGE6CgpuZXR3b3JrczoKICBwb2xsLXRpZXI6CiAgcmVzdWx0LXRpZXI6CiAgYmFjay10aWVyOgo=\"}}}",
            "id": "/subscriptions/7d107c3a-8cb7-42a7-9ddb-25f365ae19e2/resourceGroups/T-cloud-3/providers/Microsoft.Web/sites/docker-popeye-app-production",
            "ignore_body_changes": null,
            "ignore_casing": false,
            "ignore_missing_property": true,
            "locks": null,
            "name": "docker-popeye-app-production",
            "output": "{}",
            "parent_id": "/subscriptions/7d107c3a-8cb7-42a7-9ddb-25f365ae19e2/resourceGroups/T-cloud-3",
            "resource_id": "/subscriptions/7d107c3a-8cb7-42a7-9ddb-25f365ae19e2/resourceGroups/T-cloud-3/providers/Microsoft.Web/sites/docker-popeye-app-production",
            "response_export_values": null,
            "timeouts": null,
            "type": "Microsoft.Web/sites@2022-03-01"
          },
          "sensitive_attributes": [],
          "private": "eyJlMmJmYjczMC1lY2FhLTExZTYtOGY4OC0zNDM2M2JjN2M0YzAiOnsiY3JlYXRlIjoxODAwMDAwMDAwMDAwLCJkZWxldGUiOjE4MDAwMDAwMDAwMDAsInJlYWQiOjMwMDAwMDAwMDAwMCwidXBkYXRlIjoxODAwMDAwMDAwMDAwfX0=",
          "dependencies": [
            "module.web_app.azurerm_linux_web_app.docker-popeye-app-production",
            "module.web_app.module.service_plan.azurerm_service_plan.this"
          ]
        }
      ]
    },
    {
      "module": "module.web_app",
      "mode": "managed",
      "type": "azurerm_linux_web_app",
      "name": "docker-popeye-app-production",
      "provider": "provider[\"registry.terraform.io/hashicorp/azurerm\"]",
      "instances": [
        {
          "schema_version": 0,
          "attributes": {
            "app_settings": null,
            "auth_settings": [],
            "auth_settings_v2": [],
            "backup": [],
            "client_affinity_enabled": false,
            "client_certificate_enabled": false,
            "client_certificate_exclusion_paths": "",
            "client_certificate_mode": "Required",
            "connection_string": [],
            "custom_domain_verification_id": "F337C9979AA041C35AE199011286AA7CE11682EC87649CD08783FD2DF6143F30",
            "default_hostname": "docker-popeye-app-production.azurewebsites.net",
            "enabled": true,
            "hosting_environment_id": "",
            "https_only": false,
            "id": "/subscriptions/7d107c3a-8cb7-42a7-9ddb-25f365ae19e2/resourceGroups/T-cloud-3/providers/Microsoft.Web/sites/docker-popeye-app-production",
            "identity": [],
            "key_vault_reference_identity_id": "SystemAssigned",
            "kind": "app,linux",
            "location": "westeurope",
            "logs": [
              {
                "application_logs": [
                  {
                    "azure_blob_storage": [],
                    "file_system_level": "Error"
                  }
                ],
                "detailed_error_messages": false,
                "failed_request_tracing": false,
                "http_logs": [
                  {
                    "azure_blob_storage": [],
                    "file_system": [
                      {
                        "retention_in_days": 7,
                        "retention_in_mb": 100
                      }
                    ]
                  }
                ]
              }
            ],
            "name": "docker-popeye-app-production",
            "outbound_ip_address_list": [
              "20.73.205.48",
              "20.73.205.98",
              "20.73.205.251",
              "20.73.206.81",
              "20.73.207.10",
              "20.73.207.102",
              "20.73.135.74",
              "20.73.135.154",
              "20.73.135.236",
              "20.73.200.35",
              "20.73.200.86",
              "20.73.200.135",
              "20.105.232.40"
            ],
            "outbound_ip_addresses": "20.73.205.48,20.73.205.98,20.73.205.251,20.73.206.81,20.73.207.10,20.73.207.102,20.73.135.74,20.73.135.154,20.73.135.236,20.73.200.35,20.73.200.86,20.73.200.135,20.105.232.40",
            "possible_outbound_ip_address_list": [
              "20.73.205.48",
              "20.73.205.98",
              "20.73.205.251",
              "20.73.206.81",
              "20.73.207.10",
              "20.73.207.102",
              "20.73.135.74",
              "20.73.135.154",
              "20.73.135.236",
              "20.73.200.35",
              "20.73.200.86",
              "20.73.200.135",
              "20.73.201.16",
              "20.73.201.42",
              "20.73.201.90",
              "20.73.202.28",
              "20.73.202.102",
              "20.73.202.135",
              "20.73.203.36",
              "20.73.203.124",
              "20.73.203.177",
              "20.73.203.181",
              "20.73.204.95",
              "20.73.205.32",
              "20.73.205.48",
              "20.73.205.98",
              "20.73.205.251",
              "20.73.206.81",
              "20.73.207.10",
              "20.73.207.102",
              "20.73.207.210",
              "20.76.24.56",
              "20.76.24.227",
              "20.76.25.1",
              "20.76.25.87",
              "20.76.25.193",
              "20.105.232.40"
            ],
            "possible_outbound_ip_addresses": "20.73.205.48,20.73.205.98,20.73.205.251,20.73.206.81,20.73.207.10,20.73.207.102,20.73.135.74,20.73.135.154,20.73.135.236,20.73.200.35,20.73.200.86,20.73.200.135,20.73.201.16,20.73.201.42,20.73.201.90,20.73.202.28,20.73.202.102,20.73.202.135,20.73.203.36,20.73.203.124,20.73.203.177,20.73.203.181,20.73.204.95,20.73.205.32,20.73.205.48,20.73.205.98,20.73.205.251,20.73.206.81,20.73.207.10,20.73.207.102,20.73.207.210,20.76.24.56,20.76.24.227,20.76.25.1,20.76.25.87,20.76.25.193,20.105.232.40",
            "public_network_access_enabled": true,
            "resource_group_name": "T-cloud-3",
            "service_plan_id": "/subscriptions/7d107c3a-8cb7-42a7-9ddb-25f365ae19e2/resourceGroups/T-cloud-3/providers/Microsoft.Web/serverfarms/docker-popeye-asp-production",
            "site_config": [
              {
                "always_on": false,
                "api_definition_url": "",
                "api_management_api_id": "",
                "app_command_line": "",
                "application_stack": [
                  {
                    "docker_image": "",
                    "docker_image_name": "",
                    "docker_image_tag": "",
                    "docker_registry_password": "",
                    "docker_registry_url": "",
                    "docker_registry_username": "",
                    "dotnet_version": "",
                    "go_version": "",
                    "java_server": "",
                    "java_server_version": "",
                    "java_version": "",
                    "node_version": "",
                    "php_version": "",
                    "python_version": "",
                    "ruby_version": ""
                  }
                ],
                "auto_heal_enabled": false,
                "auto_heal_setting": [],
                "container_registry_managed_identity_client_id": "",
                "container_registry_use_managed_identity": false,
                "cors": [],
                "default_documents": [
                  "Default.htm",
                  "Default.html",
                  "Default.asp",
                  "index.htm",
                  "index.html",
                  "iisstart.htm",
                  "default.aspx",
                  "index.php",
                  "hostingstart.html"
                ],
                "detailed_error_logging_enabled": false,
                "ftps_state": "Disabled",
                "health_check_eviction_time_in_min": 0,
                "health_check_path": "",
                "http2_enabled": false,
                "ip_restriction": [],
                "linux_fx_version": "",
                "load_balancing_mode": "LeastRequests",
                "local_mysql_enabled": false,
                "managed_pipeline_mode": "Integrated",
                "minimum_tls_version": "1.2",
                "remote_debugging_enabled": false,
                "remote_debugging_version": "VS2019",
                "scm_ip_restriction": [],
                "scm_minimum_tls_version": "1.2",
                "scm_type": "None",
                "scm_use_main_ip_restriction": false,
                "use_32_bit_worker": true,
                "vnet_route_all_enabled": false,
                "websockets_enabled": false,
                "worker_count": 1
              }
            ],
            "site_credential": [
              {
                "name": "$docker-popeye-app-production",
                "password": "MJTp5uiW7ursAiybxdhSqDuxm3MXzAebMgZKk6kHfyJt7ilhh6k2d45SkYkE"
              }
            ],
            "sticky_settings": [],
            "storage_account": [],
            "tags": null,
            "timeouts": null,
            "virtual_network_subnet_id": "",
            "zip_deploy_file": ""
          },
          "sensitive_attributes": [],
          "private": "eyJlMmJmYjczMC1lY2FhLTExZTYtOGY4OC0zNDM2M2JjN2M0YzAiOnsiY3JlYXRlIjoxODAwMDAwMDAwMDAwLCJkZWxldGUiOjE4MDAwMDAwMDAwMDAsInJlYWQiOjMwMDAwMDAwMDAwMCwidXBkYXRlIjoxODAwMDAwMDAwMDAwfX0=",
          "dependencies": [
            "module.web_app.module.service_plan.azurerm_service_plan.this"
          ]
        }
      ]
    },
    {
      "module": "module.web_app.module.service_plan",
      "mode": "managed",
      "type": "azurerm_service_plan",
      "name": "this",
      "provider": "provider[\"registry.terraform.io/hashicorp/azurerm\"]",
      "instances": [
        {
          "schema_version": 0,
          "attributes": {
            "app_service_environment_id": "",
            "id": "/subscriptions/7d107c3a-8cb7-42a7-9ddb-25f365ae19e2/resourceGroups/T-cloud-3/providers/Microsoft.Web/serverfarms/docker-popeye-asp-production",
            "kind": "linux",
            "location": "westeurope",
            "maximum_elastic_worker_count": 1,
            "name": "docker-popeye-asp-production",
            "os_type": "Linux",
            "per_site_scaling_enabled": false,
            "reserved": true,
            "resource_group_name": "T-cloud-3",
            "sku_name": "F1",
            "tags": {
              "deploymentMethod": "terraform"
            },
            "timeouts": null,
            "worker_count": 1,
            "zone_balancing_enabled": false
          },
          "sensitive_attributes": [],
          "private": "eyJlMmJmYjczMC1lY2FhLTExZTYtOGY4OC0zNDM2M2JjN2M0YzAiOnsiY3JlYXRlIjozNjAwMDAwMDAwMDAwLCJkZWxldGUiOjM2MDAwMDAwMDAwMDAsInJlYWQiOjMwMDAwMDAwMDAwMCwidXBkYXRlIjozNjAwMDAwMDAwMDAwfX0="
        }
      ]
    }
  ],
  "check_results": null
}
